{
  "version": "5",
  "specifiers": {
    "jsr:@luca/cases@1": "1.0.0",
    "jsr:@openai/openai@*": "6.38.0",
    "jsr:@std/assert@1": "1.0.15",
    "jsr:@std/internal@^1.0.12": "1.0.12",
    "jsr:@std/path@*": "1.1.4",
    "npm:@hono/zod-validator@*": "0.8.0_hono@4.12.18_zod@4.1.12",
    "npm:hono@*": "4.12.18",
    "npm:zod@*": "4.1.12"
  },
  "jsr": {
    "@luca/cases@1.0.0": {
      "integrity": "b5f9471f1830595e63a2b7d62821ac822a19e16899e6584799be63f17a1fbc30"
    },
    "@openai/openai@6.38.0": {
      "integrity": "d01e3e09b51572cc371bce37a784b45f4046a03ccb54adecff02080f7979e2e4"
    },
    "@std/assert@1.0.15": {
      "integrity": "d64018e951dbdfab9777335ecdb000c0b4e3df036984083be219ce5941e4703b",
      "dependencies": [
        "jsr:@std/internal"
      ]
    },
    "@std/internal@1.0.12": {
      "integrity": "972a634fd5bc34b242024402972cd5143eac68d8dffaca5eaa4dba30ce17b027"
    },
    "@std/path@1.1.4": {
      "integrity": "1d2d43f39efb1b42f0b1882a25486647cb851481862dc7313390b2bb044314b5",
      "dependencies": [
        "jsr:@std/internal"
      ]
    }
  },
  "npm": {
    "@hono/zod-validator@0.8.0_hono@4.12.18_zod@4.1.12": {
      "integrity": "sha512-5uS4S1/LKtZQYvD4BtpPUFkOv8d1wNxHHrChm26buMiEYc1FrHWvDUaKVBwkiVtvSExHSpLGDvcnpI2Copyj9w==",
      "dependencies": [
        "hono",
        "zod"
      ]
    },
    "hono@4.12.18": {
      "integrity": "sha512-RWzP96k/yv0PQfyXnWjs6zot20TqfpfsNXhOnev8d1InAxubW93L11/oNUc3tQqn2G0bSdAOBpX+2uDFHV7kdQ=="
    },
    "zod@4.1.12": {
      "integrity": "sha512-JInaHOamG8pt5+Ey8kGmdcAcg3OL9reK8ltczgHTAwNhMys/6ThXHityHxVV2p3fkw/c+MAvBHFVYHFZDmjMCQ=="
    }
  },
  "workspace": {
    "dependencies": [
      "jsr:@std/assert@1",
      "npm:@hono/zod-validator@*",
      "npm:hono@*",
      "npm:zod@*"
    ]
  }
}
